
Microsoft Visual Studio Solution File, Format Version 12.00
# Visual Studio Version 17
VisualStudioVersion = 17.12.35707.178 d17.12
MinimumVisualStudioVersion = 10.0.40219.1
Project("{FAE04EC0-301F-11D3-BF4B-00C04F79EFBC}") = "AzureTestDeploy", "AzureTestDeploy.csproj", "{DEDDF7C8-2B0C-46A0-B734-1A2420064755}"
EndProject
Global
	GlobalSection(SolutionConfigurationPlatforms) = preSolution
		Debug|Any CPU = Debug|Any CPU
		Release|Any CPU = Release|Any CPU
	EndGlobalSection
	GlobalSection(ProjectConfigurationPlatforms) = postSolution
		{DEDDF7C8-2B0C-46A0-B734-1A2420064755}.Debug|Any CPU.ActiveCfg = Debug|Any CPU
		{DEDDF7C8-2B0C-46A0-B734-1A2420064755}.Debug|Any CPU.Build.0 = Debug|Any CPU
		{DEDDF7C8-2B0C-46A0-B734-1A2420064755}.Release|Any CPU.ActiveCfg = Release|Any CPU
		{DEDDF7C8-2B0C-46A0-B734-1A2420064755}.Release|Any CPU.Build.0 = Release|Any CPU
	EndGlobalSection
	GlobalSection(SolutionProperties) = preSolution
		HideSolutionNode = FALSE
	EndGlobalSection
EndGlobal
